// !$*UTF8*$!
{
	archiveVersion = 1;
	classes = {
	};
	objectVersion = 56;
	objects = {

/* Begin PBXBuildFile section */
		60F037351047AE1A7DD53FB1 /* Pods_ThmanyahPodcasts.framework in Frameworks */ = {isa = PBXBuildFile; fileRef = 59E64D8B22B31D28828BC132 /* Pods_ThmanyahPodcasts.framework */; };
		72EDD6C01749BB9BE9E58739 /* Pods_ThmanyahPodcastsTests.framework in Frameworks */ = {isa = PBXBuildFile; fileRef = A3A9C160E89ED9940ECCC8DF /* Pods_ThmanyahPodcastsTests.framework */; };
		A40872DBA709D470D8EDAB61 /* Pods_ThmanyahPodcasts_ThmanyahPodcastsUITests.framework in Frameworks */ = {isa = PBXBuildFile; fileRef = D6800C977C2A633986AA871C /* Pods_ThmanyahPodcasts_ThmanyahPodcastsUITests.framework */; };
		CC2C2FC62B0FC38300467D67 /* .swiftlint.yml in Resources */ = {isa = PBXBuildFile; fileRef = CC2C2FC52B0FC38300467D67 /* .swiftlint.yml */; };
		CC2C2FE02B0FC6A900467D67 /* .swiftformat in Resources */ = {isa = PBXBuildFile; fileRef = CC2C2FDF2B0FC6A900467D67 /* .swiftformat */; };
		CC2C2FEB2B0FC6DB00467D67 /* APIRequestBuilder.swift in Sources */ = {isa = PBXBuildFile; fileRef = CC2C2FE22B0FC6DB00467D67 /* APIRequestBuilder.swift */; };
		CC2C2FED2B0FC6DB00467D67 /* BaseAPIRequestResponseFailureErrorType.swift in Sources */ = {isa = PBXBuildFile; fileRef = CC2C2FE42B0FC6DB00467D67 /* BaseAPIRequestResponseFailureErrorType.swift */; };
		CC2C2FEE2B0FC6DB00467D67 /* Int+HTTPStatusCode.swift in Sources */ = {isa = PBXBuildFile; fileRef = CC2C2FE52B0FC6DB00467D67 /* Int+HTTPStatusCode.swift */; };
		CC2C2FF02B0FC6DB00467D67 /* APIRequestExecuter.swift in Sources */ = {isa = PBXBuildFile; fileRef = CC2C2FE72B0FC6DB00467D67 /* APIRequestExecuter.swift */; };
		CC2C2FF12B0FC6DB00467D67 /* APIRequestResponseLog.swift in Sources */ = {isa = PBXBuildFile; fileRef = CC2C2FE82B0FC6DB00467D67 /* APIRequestResponseLog.swift */; };
		CC2C2FF22B0FC6DB00467D67 /* APIRequestInterceptor.swift in Sources */ = {isa = PBXBuildFile; fileRef = CC2C2FE92B0FC6DB00467D67 /* APIRequestInterceptor.swift */; };
		CC2C30042B0FC96300467D67 /* PlaylistDataSource.swift in Sources */ = {isa = PBXBuildFile; fileRef = CC2C2FFC2B0FC96300467D67 /* PlaylistDataSource.swift */; };
		CC2C301C2B0FCE8800467D67 /* swiftgen.yml in Resources */ = {isa = PBXBuildFile; fileRef = CC2C301B2B0FCE8700467D67 /* swiftgen.yml */; };
		CC2C301E2B0FCEA100467D67 /* Colors.xcassets in Resources */ = {isa = PBXBuildFile; fileRef = CC2C301D2B0FCEA100467D67 /* Colors.xcassets */; };
		CC2C30232B0FD4CA00467D67 /* Images.xcassets in Resources */ = {isa = PBXBuildFile; fileRef = CC2C30222B0FD4CA00467D67 /* Images.xcassets */; };
		CC2C30332B0FD83700467D67 /* Images.swift in Sources */ = {isa = PBXBuildFile; fileRef = CC2C30312B0FD83700467D67 /* Images.swift */; };
		CC2C30342B0FD83700467D67 /* Colors.swift in Sources */ = {isa = PBXBuildFile; fileRef = CC2C30322B0FD83700467D67 /* Colors.swift */; };
		CC2C303E2B0FD94100467D67 /* IBMPlexSansArabic-Thin.otf in Resources */ = {isa = PBXBuildFile; fileRef = CC2C30362B0FD94000467D67 /* IBMPlexSansArabic-Thin.otf */; };
		CC2C303F2B0FD94100467D67 /* IBMPlexSansArabic-Bold.otf in Resources */ = {isa = PBXBuildFile; fileRef = CC2C30372B0FD94000467D67 /* IBMPlexSansArabic-Bold.otf */; };
		CC2C30402B0FD94100467D67 /* IBMPlexSansArabic-Text.otf in Resources */ = {isa = PBXBuildFile; fileRef = CC2C30382B0FD94000467D67 /* IBMPlexSansArabic-Text.otf */; };
		CC2C30412B0FD94100467D67 /* IBMPlexSansArabic-Regular.otf in Resources */ = {isa = PBXBuildFile; fileRef = CC2C30392B0FD94000467D67 /* IBMPlexSansArabic-Regular.otf */; };
		CC2C30422B0FD94100467D67 /* IBMPlexSansArabic-SemiBold.otf in Resources */ = {isa = PBXBuildFile; fileRef = CC2C303A2B0FD94000467D67 /* IBMPlexSansArabic-SemiBold.otf */; };
		CC2C30432B0FD94100467D67 /* IBMPlexSansArabic-Light.otf in Resources */ = {isa = PBXBuildFile; fileRef = CC2C303B2B0FD94000467D67 /* IBMPlexSansArabic-Light.otf */; };
		CC2C30442B0FD94100467D67 /* IBMPlexSansArabic-ExtraLight.otf in Resources */ = {isa = PBXBuildFile; fileRef = CC2C303C2B0FD94100467D67 /* IBMPlexSansArabic-ExtraLight.otf */; };
		CC2C30452B0FD94100467D67 /* IBMPlexSansArabic-Medium.otf in Resources */ = {isa = PBXBuildFile; fileRef = CC2C303D2B0FD94100467D67 /* IBMPlexSansArabic-Medium.otf */; };
		CC2C30492B0FD99D00467D67 /* Typography.swift in Sources */ = {isa = PBXBuildFile; fileRef = CC2C30482B0FD99D00467D67 /* Typography.swift */; };
		CC2C304B2B0FD9AD00467D67 /* FontWeight.swift in Sources */ = {isa = PBXBuildFile; fileRef = CC2C304A2B0FD9AD00467D67 /* FontWeight.swift */; };
		CC2C304D2B0FD9C500467D67 /* FontSize.swift in Sources */ = {isa = PBXBuildFile; fileRef = CC2C304C2B0FD9C500467D67 /* FontSize.swift */; };
		CC2C30502B0FDB0200467D67 /* MainTabBarController.swift in Sources */ = {isa = PBXBuildFile; fileRef = CC2C304F2B0FDB0200467D67 /* MainTabBarController.swift */; };
		CC2C30532B0FDBE800467D67 /* LocalizationLayer.swift in Sources */ = {isa = PBXBuildFile; fileRef = CC2C30522B0FDBE800467D67 /* LocalizationLayer.swift */; };
		CC2C30592B0FDF0900467D67 /* Localizable.strings in Resources */ = {isa = PBXBuildFile; fileRef = CC2C305B2B0FDF0900467D67 /* Localizable.strings */; };
		CC2C30612B0FE3BD00467D67 /* PlayListWorker.swift in Sources */ = {isa = PBXBuildFile; fileRef = CC2C30602B0FE3BD00467D67 /* PlayListWorker.swift */; };
		CC2C30652B0FE3DE00467D67 /* AuthWorker.swift in Sources */ = {isa = PBXBuildFile; fileRef = CC2C30642B0FE3DE00467D67 /* AuthWorker.swift */; };
		CC2C30672B0FE41300467D67 /* AuthNetworking.swift in Sources */ = {isa = PBXBuildFile; fileRef = CC2C30662B0FE41300467D67 /* AuthNetworking.swift */; };
		CC2C30692B0FE64F00467D67 /* UserResponse.swift in Sources */ = {isa = PBXBuildFile; fileRef = CC2C30682B0FE64F00467D67 /* UserResponse.swift */; };
		CC2C306B2B0FEF7300467D67 /* BaseAPIRequestResponseBusinessErrorType.swift in Sources */ = {isa = PBXBuildFile; fileRef = CC2C306A2B0FEF7300467D67 /* BaseAPIRequestResponseBusinessErrorType.swift */; };
		CC2C306D2B0FF11D00467D67 /* PlayListNetworking.swift in Sources */ = {isa = PBXBuildFile; fileRef = CC2C306C2B0FF11D00467D67 /* PlayListNetworking.swift */; };
		CC2C30702B10216D00467D67 /* UserDefaultManager.swift in Sources */ = {isa = PBXBuildFile; fileRef = CC2C306F2B10216D00467D67 /* UserDefaultManager.swift */; };
		CC2C30722B10250700467D67 /* UserDefaultsKeys.swift in Sources */ = {isa = PBXBuildFile; fileRef = CC2C30712B10250700467D67 /* UserDefaultsKeys.swift */; };
		CC2C30742B10271200467D67 /* PlayListResponse.swift in Sources */ = {isa = PBXBuildFile; fileRef = CC2C30732B10271200467D67 /* PlayListResponse.swift */; };
		CC2C30772B1044F000467D67 /* UIView + Shadow.swift in Sources */ = {isa = PBXBuildFile; fileRef = CC2C30762B1044F000467D67 /* UIView + Shadow.swift */; };
		CC2C307A2B10451D00467D67 /* UIImage + Common.swift in Sources */ = {isa = PBXBuildFile; fileRef = CC2C30792B10451D00467D67 /* UIImage + Common.swift */; };
		CC2C307D2B10484600467D67 /* StretchyHeaderView.swift in Sources */ = {isa = PBXBuildFile; fileRef = CC2C307C2B10484600467D67 /* StretchyHeaderView.swift */; };
		CC2C30802B10BAFD00467D67 /* StackedScrollableContainerView.swift in Sources */ = {isa = PBXBuildFile; fileRef = CC2C307F2B10BAFD00467D67 /* StackedScrollableContainerView.swift */; };
		CC2C30832B10BB6700467D67 /* EposidesCell.swift in Sources */ = {isa = PBXBuildFile; fileRef = CC2C30822B10BB6700467D67 /* EposidesCell.swift */; };
		CC2C30882B10BE1600467D67 /* MainNavigationController.swift in Sources */ = {isa = PBXBuildFile; fileRef = CC2C30872B10BE1600467D67 /* MainNavigationController.swift */; };
		CC2C308B2B10CD6900467D67 /* PlayListTopActions.swift in Sources */ = {isa = PBXBuildFile; fileRef = CC2C308A2B10CD6900467D67 /* PlayListTopActions.swift */; };
		CC2C308E2B10D65E00467D67 /* PlayListBottomActions.swift in Sources */ = {isa = PBXBuildFile; fileRef = CC2C308D2B10D65E00467D67 /* PlayListBottomActions.swift */; };
		CC2C30982B10F22700467D67 /* SkeletonUIView.swift in Sources */ = {isa = PBXBuildFile; fileRef = CC2C30972B10F22700467D67 /* SkeletonUIView.swift */; };
		CC2C309A2B10F23C00467D67 /* UIView + Skeleton.swift in Sources */ = {isa = PBXBuildFile; fileRef = CC2C30992B10F23C00467D67 /* UIView + Skeleton.swift */; };
		CC58CD332B10FB4E00BE01CF /* PlayListSectionHeader.swift in Sources */ = {isa = PBXBuildFile; fileRef = CC58CD322B10FB4E00BE01CF /* PlayListSectionHeader.swift */; };
		CC58CD352B1104A100BE01CF /* EposideCellDataSource.swift in Sources */ = {isa = PBXBuildFile; fileRef = CC58CD342B1104A100BE01CF /* EposideCellDataSource.swift */; };
		CC58CD402B110DA100BE01CF /* PlayListContainerView.swift in Sources */ = {isa = PBXBuildFile; fileRef = CC58CD382B110DA100BE01CF /* PlayListContainerView.swift */; };
		CC58CD412B110DA100BE01CF /* PlayListPresenter.swift in Sources */ = {isa = PBXBuildFile; fileRef = CC58CD392B110DA100BE01CF /* PlayListPresenter.swift */; };
		CC58CD422B110DA100BE01CF /* PlayListRouter.swift in Sources */ = {isa = PBXBuildFile; fileRef = CC58CD3A2B110DA100BE01CF /* PlayListRouter.swift */; };
		CC58CD432B110DA100BE01CF /* PlayListViewController.swift in Sources */ = {isa = PBXBuildFile; fileRef = CC58CD3B2B110DA100BE01CF /* PlayListViewController.swift */; };
		CC58CD442B110DA100BE01CF /* PlayListProtocols.swift in Sources */ = {isa = PBXBuildFile; fileRef = CC58CD3C2B110DA100BE01CF /* PlayListProtocols.swift */; };
		CC58CD452B110DA100BE01CF /* PlayListInteractor.swift in Sources */ = {isa = PBXBuildFile; fileRef = CC58CD3D2B110DA100BE01CF /* PlayListInteractor.swift */; };
		CC58CD4E2B11131300BE01CF /* PlayListContainerView + ScrollView.swift in Sources */ = {isa = PBXBuildFile; fileRef = CC58CD4D2B11131300BE01CF /* PlayListContainerView + ScrollView.swift */; };
		CC58CD502B11132600BE01CF /* PlayListContainerView + UITableView.swift in Sources */ = {isa = PBXBuildFile; fileRef = CC58CD4F2B11132600BE01CF /* PlayListContainerView + UITableView.swift */; };
		CC58CD522B1115A300BE01CF /* PlayListSectionHeaderDataSource.swift in Sources */ = {isa = PBXBuildFile; fileRef = CC58CD512B1115A300BE01CF /* PlayListSectionHeaderDataSource.swift */; };
		CCBE9AD92B0FB8350054E11D /* AppDelegate.swift in Sources */ = {isa = PBXBuildFile; fileRef = CCBE9AD82B0FB8350054E11D /* AppDelegate.swift */; };
		CCBE9AE22B0FB8380054E11D /* Assets.xcassets in Resources */ = {isa = PBXBuildFile; fileRef = CCBE9AE12B0FB8380054E11D /* Assets.xcassets */; };
		CCBE9AE52B0FB8380054E11D /* LaunchScreen.storyboard in Resources */ = {isa = PBXBuildFile; fileRef = CCBE9AE32B0FB8380054E11D /* LaunchScreen.storyboard */; };
		CCBE9AF02B0FB8380054E11D /* ThmanyahPodcastsTests.swift in Sources */ = {isa = PBXBuildFile; fileRef = CCBE9AEF2B0FB8380054E11D /* ThmanyahPodcastsTests.swift */; };
		CCBE9AFA2B0FB8380054E11D /* ThmanyahPodcastsUITests.swift in Sources */ = {isa = PBXBuildFile; fileRef = CCBE9AF92B0FB8380054E11D /* ThmanyahPodcastsUITests.swift */; };
		CCBE9AFC2B0FB8380054E11D /* ThmanyahPodcastsUITestsLaunchTests.swift in Sources */ = {isa = PBXBuildFile; fileRef = CCBE9AFB2B0FB8380054E11D /* ThmanyahPodcastsUITestsLaunchTests.swift */; };
/* End PBXBuildFile section */

/* Begin PBXContainerItemProxy section */
		CCBE9AEC2B0FB8380054E11D /* PBXContainerItemProxy */ = {
			isa = PBXContainerItemProxy;
			containerPortal = CCBE9ACD2B0FB8350054E11D /* Project object */;
			proxyType = 1;
			remoteGlobalIDString = CCBE9AD42B0FB8350054E11D;
			remoteInfo = ThmanyahPodcasts;
		};
		CCBE9AF62B0FB8380054E11D /* PBXContainerItemProxy */ = {
			isa = PBXContainerItemProxy;
			containerPortal = CCBE9ACD2B0FB8350054E11D /* Project object */;
			proxyType = 1;
			remoteGlobalIDString = CCBE9AD42B0FB8350054E11D;
			remoteInfo = ThmanyahPodcasts;
		};
/* End PBXContainerItemProxy section */

/* Begin PBXFileReference section */
		20DB609134050CF83442D5EA /* Pods-ThmanyahPodcasts-ThmanyahPodcastsUITests.debug.xcconfig */ = {isa = PBXFileReference; includeInIndex = 1; lastKnownFileType = text.xcconfig; name = "Pods-ThmanyahPodcasts-ThmanyahPodcastsUITests.debug.xcconfig"; path = "Target Support Files/Pods-ThmanyahPodcasts-ThmanyahPodcastsUITests/Pods-ThmanyahPodcasts-ThmanyahPodcastsUITests.debug.xcconfig"; sourceTree = "<group>"; };
		59E64D8B22B31D28828BC132 /* Pods_ThmanyahPodcasts.framework */ = {isa = PBXFileReference; explicitFileType = wrapper.framework; includeInIndex = 0; path = Pods_ThmanyahPodcasts.framework; sourceTree = BUILT_PRODUCTS_DIR; };
		60727E183BAD41AA9CD3D3AB /* Pods-ThmanyahPodcasts-ThmanyahPodcastsUITests.release.xcconfig */ = {isa = PBXFileReference; includeInIndex = 1; lastKnownFileType = text.xcconfig; name = "Pods-ThmanyahPodcasts-ThmanyahPodcastsUITests.release.xcconfig"; path = "Target Support Files/Pods-ThmanyahPodcasts-ThmanyahPodcastsUITests/Pods-ThmanyahPodcasts-ThmanyahPodcastsUITests.release.xcconfig"; sourceTree = "<group>"; };
		6B65935EF87D956D2A1D9930 /* Pods-ThmanyahPodcasts.debug.xcconfig */ = {isa = PBXFileReference; includeInIndex = 1; lastKnownFileType = text.xcconfig; name = "Pods-ThmanyahPodcasts.debug.xcconfig"; path = "Target Support Files/Pods-ThmanyahPodcasts/Pods-ThmanyahPodcasts.debug.xcconfig"; sourceTree = "<group>"; };
		914AEE71F7EF8B3670BF1C49 /* Pods-ThmanyahPodcastsTests.release.xcconfig */ = {isa = PBXFileReference; includeInIndex = 1; lastKnownFileType = text.xcconfig; name = "Pods-ThmanyahPodcastsTests.release.xcconfig"; path = "Target Support Files/Pods-ThmanyahPodcastsTests/Pods-ThmanyahPodcastsTests.release.xcconfig"; sourceTree = "<group>"; };
		945ED3098A8241C06B309747 /* Pods-ThmanyahPodcasts.release.xcconfig */ = {isa = PBXFileReference; includeInIndex = 1; lastKnownFileType = text.xcconfig; name = "Pods-ThmanyahPodcasts.release.xcconfig"; path = "Target Support Files/Pods-ThmanyahPodcasts/Pods-ThmanyahPodcasts.release.xcconfig"; sourceTree = "<group>"; };
		A3A9C160E89ED9940ECCC8DF /* Pods_ThmanyahPodcastsTests.framework */ = {isa = PBXFileReference; explicitFileType = wrapper.framework; includeInIndex = 0; path = Pods_ThmanyahPodcastsTests.framework; sourceTree = BUILT_PRODUCTS_DIR; };
		CC2C2FC52B0FC38300467D67 /* .swiftlint.yml */ = {isa = PBXFileReference; fileEncoding = 4; lastKnownFileType = text.yaml; path = .swiftlint.yml; sourceTree = SOURCE_ROOT; };
		CC2C2FDF2B0FC6A900467D67 /* .swiftformat */ = {isa = PBXFileReference; fileEncoding = 4; lastKnownFileType = text; path = .swiftformat; sourceTree = SOURCE_ROOT; };
		CC2C2FE22B0FC6DB00467D67 /* APIRequestBuilder.swift */ = {isa = PBXFileReference; lastKnownFileType = sourcecode.swift; path = APIRequestBuilder.swift; sourceTree = "<group>"; };
		CC2C2FE42B0FC6DB00467D67 /* BaseAPIRequestResponseFailureErrorType.swift */ = {isa = PBXFileReference; lastKnownFileType = sourcecode.swift; path = BaseAPIRequestResponseFailureErrorType.swift; sourceTree = "<group>"; };
		CC2C2FE52B0FC6DB00467D67 /* Int+HTTPStatusCode.swift */ = {isa = PBXFileReference; lastKnownFileType = sourcecode.swift; path = "Int+HTTPStatusCode.swift"; sourceTree = "<group>"; };
		CC2C2FE72B0FC6DB00467D67 /* APIRequestExecuter.swift */ = {isa = PBXFileReference; lastKnownFileType = sourcecode.swift; path = APIRequestExecuter.swift; sourceTree = "<group>"; };
		CC2C2FE82B0FC6DB00467D67 /* APIRequestResponseLog.swift */ = {isa = PBXFileReference; lastKnownFileType = sourcecode.swift; path = APIRequestResponseLog.swift; sourceTree = "<group>"; };
		CC2C2FE92B0FC6DB00467D67 /* APIRequestInterceptor.swift */ = {isa = PBXFileReference; lastKnownFileType = sourcecode.swift; path = APIRequestInterceptor.swift; sourceTree = "<group>"; };
		CC2C2FFC2B0FC96300467D67 /* PlaylistDataSource.swift */ = {isa = PBXFileReference; lastKnownFileType = sourcecode.swift; path = PlaylistDataSource.swift; sourceTree = "<group>"; };
		CC2C301B2B0FCE8700467D67 /* swiftgen.yml */ = {isa = PBXFileReference; fileEncoding = 4; lastKnownFileType = text.yaml; path = swiftgen.yml; sourceTree = SOURCE_ROOT; };
		CC2C301D2B0FCEA100467D67 /* Colors.xcassets */ = {isa = PBXFileReference; lastKnownFileType = folder.assetcatalog; path = Colors.xcassets; sourceTree = "<group>"; };
		CC2C30222B0FD4CA00467D67 /* Images.xcassets */ = {isa = PBXFileReference; lastKnownFileType = folder.assetcatalog; path = Images.xcassets; sourceTree = "<group>"; };
		CC2C30312B0FD83700467D67 /* Images.swift */ = {isa = PBXFileReference; fileEncoding = 4; lastKnownFileType = sourcecode.swift; path = Images.swift; sourceTree = "<group>"; };
		CC2C30322B0FD83700467D67 /* Colors.swift */ = {isa = PBXFileReference; fileEncoding = 4; lastKnownFileType = sourcecode.swift; path = Colors.swift; sourceTree = "<group>"; };
		CC2C30362B0FD94000467D67 /* IBMPlexSansArabic-Thin.otf */ = {isa = PBXFileReference; lastKnownFileType = file; path = "IBMPlexSansArabic-Thin.otf"; sourceTree = "<group>"; };
		CC2C30372B0FD94000467D67 /* IBMPlexSansArabic-Bold.otf */ = {isa = PBXFileReference; lastKnownFileType = file; path = "IBMPlexSansArabic-Bold.otf"; sourceTree = "<group>"; };
		CC2C30382B0FD94000467D67 /* IBMPlexSansArabic-Text.otf */ = {isa = PBXFileReference; lastKnownFileType = file; path = "IBMPlexSansArabic-Text.otf"; sourceTree = "<group>"; };
		CC2C30392B0FD94000467D67 /* IBMPlexSansArabic-Regular.otf */ = {isa = PBXFileReference; lastKnownFileType = file; path = "IBMPlexSansArabic-Regular.otf"; sourceTree = "<group>"; };
		CC2C303A2B0FD94000467D67 /* IBMPlexSansArabic-SemiBold.otf */ = {isa = PBXFileReference; lastKnownFileType = file; path = "IBMPlexSansArabic-SemiBold.otf"; sourceTree = "<group>"; };
		CC2C303B2B0FD94000467D67 /* IBMPlexSansArabic-Light.otf */ = {isa = PBXFileReference; lastKnownFileType = file; path = "IBMPlexSansArabic-Light.otf"; sourceTree = "<group>"; };
		CC2C303C2B0FD94100467D67 /* IBMPlexSansArabic-ExtraLight.otf */ = {isa = PBXFileReference; lastKnownFileType = file; path = "IBMPlexSansArabic-ExtraLight.otf"; sourceTree = "<group>"; };
		CC2C303D2B0FD94100467D67 /* IBMPlexSansArabic-Medium.otf */ = {isa = PBXFileReference; lastKnownFileType = file; path = "IBMPlexSansArabic-Medium.otf"; sourceTree = "<group>"; };
		CC2C30482B0FD99D00467D67 /* Typography.swift */ = {isa = PBXFileReference; lastKnownFileType = sourcecode.swift; path = Typography.swift; sourceTree = "<group>"; };
		CC2C304A2B0FD9AD00467D67 /* FontWeight.swift */ = {isa = PBXFileReference; lastKnownFileType = sourcecode.swift; path = FontWeight.swift; sourceTree = "<group>"; };
		CC2C304C2B0FD9C500467D67 /* FontSize.swift */ = {isa = PBXFileReference; lastKnownFileType = sourcecode.swift; path = FontSize.swift; sourceTree = "<group>"; };
		CC2C304F2B0FDB0200467D67 /* MainTabBarController.swift */ = {isa = PBXFileReference; lastKnownFileType = sourcecode.swift; path = MainTabBarController.swift; sourceTree = "<group>"; };
		CC2C30522B0FDBE800467D67 /* LocalizationLayer.swift */ = {isa = PBXFileReference; lastKnownFileType = sourcecode.swift; path = LocalizationLayer.swift; sourceTree = "<group>"; };
		CC2C30542B0FDD1600467D67 /* ar */ = {isa = PBXFileReference; lastKnownFileType = text.plist.strings; name = ar; path = ar.lproj/LaunchScreen.strings; sourceTree = "<group>"; };
		CC2C30562B0FDE8500467D67 /* en */ = {isa = PBXFileReference; lastKnownFileType = text.plist.strings; name = en; path = en.lproj/LaunchScreen.strings; sourceTree = "<group>"; };
		CC2C305A2B0FDF0900467D67 /* en */ = {isa = PBXFileReference; lastKnownFileType = text.plist.strings; name = en; path = en.lproj/Localizable.strings; sourceTree = "<group>"; };
		CC2C305C2B0FDF0D00467D67 /* ar */ = {isa = PBXFileReference; lastKnownFileType = text.plist.strings; name = ar; path = ar.lproj/Localizable.strings; sourceTree = "<group>"; };
		CC2C30602B0FE3BD00467D67 /* PlayListWorker.swift */ = {isa = PBXFileReference; lastKnownFileType = sourcecode.swift; path = PlayListWorker.swift; sourceTree = "<group>"; };
		CC2C30642B0FE3DE00467D67 /* AuthWorker.swift */ = {isa = PBXFileReference; lastKnownFileType = sourcecode.swift; path = AuthWorker.swift; sourceTree = "<group>"; };
		CC2C30662B0FE41300467D67 /* AuthNetworking.swift */ = {isa = PBXFileReference; lastKnownFileType = sourcecode.swift; path = AuthNetworking.swift; sourceTree = "<group>"; };
		CC2C30682B0FE64F00467D67 /* UserResponse.swift */ = {isa = PBXFileReference; lastKnownFileType = sourcecode.swift; path = UserResponse.swift; sourceTree = "<group>"; };
		CC2C306A2B0FEF7300467D67 /* BaseAPIRequestResponseBusinessErrorType.swift */ = {isa = PBXFileReference; lastKnownFileType = sourcecode.swift; path = BaseAPIRequestResponseBusinessErrorType.swift; sourceTree = "<group>"; };
		CC2C306C2B0FF11D00467D67 /* PlayListNetworking.swift */ = {isa = PBXFileReference; lastKnownFileType = sourcecode.swift; path = PlayListNetworking.swift; sourceTree = "<group>"; };
		CC2C306F2B10216D00467D67 /* UserDefaultManager.swift */ = {isa = PBXFileReference; lastKnownFileType = sourcecode.swift; path = UserDefaultManager.swift; sourceTree = "<group>"; };
		CC2C30712B10250700467D67 /* UserDefaultsKeys.swift */ = {isa = PBXFileReference; lastKnownFileType = sourcecode.swift; path = UserDefaultsKeys.swift; sourceTree = "<group>"; };
		CC2C30732B10271200467D67 /* PlayListResponse.swift */ = {isa = PBXFileReference; lastKnownFileType = sourcecode.swift; path = PlayListResponse.swift; sourceTree = "<group>"; };
		CC2C30762B1044F000467D67 /* UIView + Shadow.swift */ = {isa = PBXFileReference; lastKnownFileType = sourcecode.swift; path = "UIView + Shadow.swift"; sourceTree = "<group>"; };
		CC2C30792B10451D00467D67 /* UIImage + Common.swift */ = {isa = PBXFileReference; lastKnownFileType = sourcecode.swift; path = "UIImage + Common.swift"; sourceTree = "<group>"; };
		CC2C307C2B10484600467D67 /* StretchyHeaderView.swift */ = {isa = PBXFileReference; lastKnownFileType = sourcecode.swift; path = StretchyHeaderView.swift; sourceTree = "<group>"; };
		CC2C307F2B10BAFD00467D67 /* StackedScrollableContainerView.swift */ = {isa = PBXFileReference; lastKnownFileType = sourcecode.swift; path = StackedScrollableContainerView.swift; sourceTree = "<group>"; };
		CC2C30822B10BB6700467D67 /* EposidesCell.swift */ = {isa = PBXFileReference; lastKnownFileType = sourcecode.swift; path = EposidesCell.swift; sourceTree = "<group>"; };
		CC2C30872B10BE1600467D67 /* MainNavigationController.swift */ = {isa = PBXFileReference; lastKnownFileType = sourcecode.swift; path = MainNavigationController.swift; sourceTree = "<group>"; };
		CC2C308A2B10CD6900467D67 /* PlayListTopActions.swift */ = {isa = PBXFileReference; lastKnownFileType = sourcecode.swift; path = PlayListTopActions.swift; sourceTree = "<group>"; };
		CC2C308D2B10D65E00467D67 /* PlayListBottomActions.swift */ = {isa = PBXFileReference; lastKnownFileType = sourcecode.swift; path = PlayListBottomActions.swift; sourceTree = "<group>"; };
		CC2C30972B10F22700467D67 /* SkeletonUIView.swift */ = {isa = PBXFileReference; lastKnownFileType = sourcecode.swift; path = SkeletonUIView.swift; sourceTree = "<group>"; };
		CC2C30992B10F23C00467D67 /* UIView + Skeleton.swift */ = {isa = PBXFileReference; lastKnownFileType = sourcecode.swift; path = "UIView + Skeleton.swift"; sourceTree = "<group>"; };
		CC58CD322B10FB4E00BE01CF /* PlayListSectionHeader.swift */ = {isa = PBXFileReference; lastKnownFileType = sourcecode.swift; path = PlayListSectionHeader.swift; sourceTree = "<group>"; };
		CC58CD342B1104A100BE01CF /* EposideCellDataSource.swift */ = {isa = PBXFileReference; lastKnownFileType = sourcecode.swift; path = EposideCellDataSource.swift; sourceTree = "<group>"; };
		CC58CD382B110DA100BE01CF /* PlayListContainerView.swift */ = {isa = PBXFileReference; lastKnownFileType = sourcecode.swift; path = PlayListContainerView.swift; sourceTree = "<group>"; };
		CC58CD392B110DA100BE01CF /* PlayListPresenter.swift */ = {isa = PBXFileReference; lastKnownFileType = sourcecode.swift; path = PlayListPresenter.swift; sourceTree = "<group>"; };
		CC58CD3A2B110DA100BE01CF /* PlayListRouter.swift */ = {isa = PBXFileReference; lastKnownFileType = sourcecode.swift; path = PlayListRouter.swift; sourceTree = "<group>"; };
		CC58CD3B2B110DA100BE01CF /* PlayListViewController.swift */ = {isa = PBXFileReference; lastKnownFileType = sourcecode.swift; path = PlayListViewController.swift; sourceTree = "<group>"; };
		CC58CD3C2B110DA100BE01CF /* PlayListProtocols.swift */ = {isa = PBXFileReference; lastKnownFileType = sourcecode.swift; path = PlayListProtocols.swift; sourceTree = "<group>"; };
		CC58CD3D2B110DA100BE01CF /* PlayListInteractor.swift */ = {isa = PBXFileReference; lastKnownFileType = sourcecode.swift; path = PlayListInteractor.swift; sourceTree = "<group>"; };
		CC58CD4D2B11131300BE01CF /* PlayListContainerView + ScrollView.swift */ = {isa = PBXFileReference; lastKnownFileType = sourcecode.swift; path = "PlayListContainerView + ScrollView.swift"; sourceTree = "<group>"; };
		CC58CD4F2B11132600BE01CF /* PlayListContainerView + UITableView.swift */ = {isa = PBXFileReference; lastKnownFileType = sourcecode.swift; path = "PlayListContainerView + UITableView.swift"; sourceTree = "<group>"; };
		CC58CD512B1115A300BE01CF /* PlayListSectionHeaderDataSource.swift */ = {isa = PBXFileReference; lastKnownFileType = sourcecode.swift; path = PlayListSectionHeaderDataSource.swift; sourceTree = "<group>"; };
		CCBE9AD52B0FB8350054E11D /* ThmanyahPodcasts.app */ = {isa = PBXFileReference; explicitFileType = wrapper.application; includeInIndex = 0; path = ThmanyahPodcasts.app; sourceTree = BUILT_PRODUCTS_DIR; };
		CCBE9AD82B0FB8350054E11D /* AppDelegate.swift */ = {isa = PBXFileReference; lastKnownFileType = sourcecode.swift; path = AppDelegate.swift; sourceTree = "<group>"; };
		CCBE9AE12B0FB8380054E11D /* Assets.xcassets */ = {isa = PBXFileReference; lastKnownFileType = folder.assetcatalog; path = Assets.xcassets; sourceTree = "<group>"; };
		CCBE9AE42B0FB8380054E11D /* Base */ = {isa = PBXFileReference; lastKnownFileType = file.storyboard; name = Base; path = Base.lproj/LaunchScreen.storyboard; sourceTree = "<group>"; };
		CCBE9AE62B0FB8380054E11D /* Info.plist */ = {isa = PBXFileReference; lastKnownFileType = text.plist.xml; path = Info.plist; sourceTree = "<group>"; };
		CCBE9AEB2B0FB8380054E11D /* ThmanyahPodcastsTests.xctest */ = {isa = PBXFileReference; explicitFileType = wrapper.cfbundle; includeInIndex = 0; path = ThmanyahPodcastsTests.xctest; sourceTree = BUILT_PRODUCTS_DIR; };
		CCBE9AEF2B0FB8380054E11D /* ThmanyahPodcastsTests.swift */ = {isa = PBXFileReference; lastKnownFileType = sourcecode.swift; path = ThmanyahPodcastsTests.swift; sourceTree = "<group>"; };
		CCBE9AF52B0FB8380054E11D /* ThmanyahPodcastsUITests.xctest */ = {isa = PBXFileReference; explicitFileType = wrapper.cfbundle; includeInIndex = 0; path = ThmanyahPodcastsUITests.xctest; sourceTree = BUILT_PRODUCTS_DIR; };
		CCBE9AF92B0FB8380054E11D /* ThmanyahPodcastsUITests.swift */ = {isa = PBXFileReference; lastKnownFileType = sourcecode.swift; path = ThmanyahPodcastsUITests.swift; sourceTree = "<group>"; };
		CCBE9AFB2B0FB8380054E11D /* ThmanyahPodcastsUITestsLaunchTests.swift */ = {isa = PBXFileReference; lastKnownFileType = sourcecode.swift; path = ThmanyahPodcastsUITestsLaunchTests.swift; sourceTree = "<group>"; };
		D45159190F042123ACC10363 /* Pods-ThmanyahPodcastsTests.debug.xcconfig */ = {isa = PBXFileReference; includeInIndex = 1; lastKnownFileType = text.xcconfig; name = "Pods-ThmanyahPodcastsTests.debug.xcconfig"; path = "Target Support Files/Pods-ThmanyahPodcastsTests/Pods-ThmanyahPodcastsTests.debug.xcconfig"; sourceTree = "<group>"; };
		D6800C977C2A633986AA871C /* Pods_ThmanyahPodcasts_ThmanyahPodcastsUITests.framework */ = {isa = PBXFileReference; explicitFileType = wrapper.framework; includeInIndex = 0; path = Pods_ThmanyahPodcasts_ThmanyahPodcastsUITests.framework; sourceTree = BUILT_PRODUCTS_DIR; };
/* End PBXFileReference section */

/* Begin PBXFrameworksBuildPhase section */
		CCBE9AD22B0FB8350054E11D /* Frameworks */ = {
			isa = PBXFrameworksBuildPhase;
			buildActionMask = 2147483647;
			files = (
				60F037351047AE1A7DD53FB1 /* Pods_ThmanyahPodcasts.framework in Frameworks */,
			);
			runOnlyForDeploymentPostprocessing = 0;
		};
		CCBE9AE82B0FB8380054E11D /* Frameworks */ = {
			isa = PBXFrameworksBuildPhase;
			buildActionMask = 2147483647;
			files = (
				72EDD6C01749BB9BE9E58739 /* Pods_ThmanyahPodcastsTests.framework in Frameworks */,
			);
			runOnlyForDeploymentPostprocessing = 0;
		};
		CCBE9AF22B0FB8380054E11D /* Frameworks */ = {
			isa = PBXFrameworksBuildPhase;
			buildActionMask = 2147483647;
			files = (
				A40872DBA709D470D8EDAB61 /* Pods_ThmanyahPodcasts_ThmanyahPodcastsUITests.framework in Frameworks */,
			);
			runOnlyForDeploymentPostprocessing = 0;
		};
/* End PBXFrameworksBuildPhase section */

/* Begin PBXGroup section */
		07E80B045BEBDCCE0B15E6B7 /* Frameworks */ = {
			isa = PBXGroup;
			children = (
				59E64D8B22B31D28828BC132 /* Pods_ThmanyahPodcasts.framework */,
				D6800C977C2A633986AA871C /* Pods_ThmanyahPodcasts_ThmanyahPodcastsUITests.framework */,
				A3A9C160E89ED9940ECCC8DF /* Pods_ThmanyahPodcastsTests.framework */,
			);
			name = Frameworks;
			sourceTree = "<group>";
		};
		4E9BE749C91135EECCF6BFB1 /* Pods */ = {
			isa = PBXGroup;
			children = (
				6B65935EF87D956D2A1D9930 /* Pods-ThmanyahPodcasts.debug.xcconfig */,
				945ED3098A8241C06B309747 /* Pods-ThmanyahPodcasts.release.xcconfig */,
				20DB609134050CF83442D5EA /* Pods-ThmanyahPodcasts-ThmanyahPodcastsUITests.debug.xcconfig */,
				60727E183BAD41AA9CD3D3AB /* Pods-ThmanyahPodcasts-ThmanyahPodcastsUITests.release.xcconfig */,
				D45159190F042123ACC10363 /* Pods-ThmanyahPodcastsTests.debug.xcconfig */,
				914AEE71F7EF8B3670BF1C49 /* Pods-ThmanyahPodcastsTests.release.xcconfig */,
			);
			path = Pods;
			sourceTree = "<group>";
		};
		CC2C2FE12B0FC6D300467D67 /* NetworkLayer */ = {
			isa = PBXGroup;
			children = (
				CC2C2FE22B0FC6DB00467D67 /* APIRequestBuilder.swift */,
				CC2C2FE42B0FC6DB00467D67 /* BaseAPIRequestResponseFailureErrorType.swift */,
				CC2C2FE52B0FC6DB00467D67 /* Int+HTTPStatusCode.swift */,
				CC2C2FE72B0FC6DB00467D67 /* APIRequestExecuter.swift */,
				CC2C2FE82B0FC6DB00467D67 /* APIRequestResponseLog.swift */,
				CC2C2FE92B0FC6DB00467D67 /* APIRequestInterceptor.swift */,
				CC2C306A2B0FEF7300467D67 /* BaseAPIRequestResponseBusinessErrorType.swift */,
			);
			path = NetworkLayer;
			sourceTree = "<group>";
		};
		CC2C2FF42B0FC95900467D67 /* Scenes */ = {
			isa = PBXGroup;
			children = (
				CC58CD362B110D8D00BE01CF /* PlayList */,
			);
			path = Scenes;
			sourceTree = "<group>";
		};
		CC2C300B2B0FCA5900467D67 /* Components */ = {
			isa = PBXGroup;
			children = (
				CC2C30962B10F22000467D67 /* SkeletonUIView */,
				CC2C308C2B10D63100467D67 /* PlayListBottomActions */,
				CC2C30892B10CD5300467D67 /* PlayListTopActions */,
				CC2C30862B10BDF400467D67 /* MainNavigationController */,
				CC2C307E2B10BAE100467D67 /* StackedScrollableContainerView */,
				CC2C307B2B10484000467D67 /* StretchyHeaderView */,
				CC2C304E2B0FDAF900467D67 /* MainTabBarController */,
			);
			path = Components;
			sourceTree = "<group>";
		};
		CC2C300C2B0FCA6300467D67 /* Resources */ = {
			isa = PBXGroup;
			children = (
				CC2C30352B0FD93500467D67 /* Fonts */,
				CC2C301F2B0FD0BF00467D67 /* Generated */,
				CC2C301D2B0FCEA100467D67 /* Colors.xcassets */,
				CC2C30222B0FD4CA00467D67 /* Images.xcassets */,
			);
			path = Resources;
			sourceTree = "<group>";
		};
		CC2C300E2B0FCB3B00467D67 /* Workers */ = {
			isa = PBXGroup;
			children = (
				CC2C30632B0FE3D700467D67 /* AuthWorker */,
				CC2C30622B0FE3C300467D67 /* PlayListWorker */,
			);
			path = Workers;
			sourceTree = "<group>";
		};
		CC2C300F2B0FCB3F00467D67 /* Extensions */ = {
			isa = PBXGroup;
			children = (
				CC2C30782B10450F00467D67 /* UIImage */,
				CC2C30752B1044EB00467D67 /* UIView */,
			);
			path = Extensions;
			sourceTree = "<group>";
		};
		CC2C301F2B0FD0BF00467D67 /* Generated */ = {
			isa = PBXGroup;
			children = (
				CC2C30322B0FD83700467D67 /* Colors.swift */,
				CC2C30312B0FD83700467D67 /* Images.swift */,
			);
			path = Generated;
			sourceTree = "<group>";
		};
		CC2C30352B0FD93500467D67 /* Fonts */ = {
			isa = PBXGroup;
			children = (
				CC2C30472B0FD95A00467D67 /* Typography */,
				CC2C30462B0FD94E00467D67 /* FontFiles */,
			);
			path = Fonts;
			sourceTree = "<group>";
		};
		CC2C30462B0FD94E00467D67 /* FontFiles */ = {
			isa = PBXGroup;
			children = (
				CC2C30372B0FD94000467D67 /* IBMPlexSansArabic-Bold.otf */,
				CC2C303C2B0FD94100467D67 /* IBMPlexSansArabic-ExtraLight.otf */,
				CC2C303B2B0FD94000467D67 /* IBMPlexSansArabic-Light.otf */,
				CC2C303D2B0FD94100467D67 /* IBMPlexSansArabic-Medium.otf */,
				CC2C30392B0FD94000467D67 /* IBMPlexSansArabic-Regular.otf */,
				CC2C303A2B0FD94000467D67 /* IBMPlexSansArabic-SemiBold.otf */,
				CC2C30382B0FD94000467D67 /* IBMPlexSansArabic-Text.otf */,
				CC2C30362B0FD94000467D67 /* IBMPlexSansArabic-Thin.otf */,
			);
			path = FontFiles;
			sourceTree = "<group>";
		};
		CC2C30472B0FD95A00467D67 /* Typography */ = {
			isa = PBXGroup;
			children = (
				CC2C304C2B0FD9C500467D67 /* FontSize.swift */,
				CC2C30482B0FD99D00467D67 /* Typography.swift */,
				CC2C304A2B0FD9AD00467D67 /* FontWeight.swift */,
			);
			path = Typography;
			sourceTree = "<group>";
		};
		CC2C304E2B0FDAF900467D67 /* MainTabBarController */ = {
			isa = PBXGroup;
			children = (
				CC2C304F2B0FDB0200467D67 /* MainTabBarController.swift */,
			);
			path = MainTabBarController;
			sourceTree = "<group>";
		};
		CC2C30512B0FDBE100467D67 /* LocalizationLayer */ = {
			isa = PBXGroup;
			children = (
				CC2C30522B0FDBE800467D67 /* LocalizationLayer.swift */,
				CC2C305B2B0FDF0900467D67 /* Localizable.strings */,
			);
			path = LocalizationLayer;
			sourceTree = "<group>";
		};
		CC2C30622B0FE3C300467D67 /* PlayListWorker */ = {
			isa = PBXGroup;
			children = (
				CC2C30602B0FE3BD00467D67 /* PlayListWorker.swift */,
				CC2C306C2B0FF11D00467D67 /* PlayListNetworking.swift */,
				CC2C30732B10271200467D67 /* PlayListResponse.swift */,
			);
			path = PlayListWorker;
			sourceTree = "<group>";
		};
		CC2C30632B0FE3D700467D67 /* AuthWorker */ = {
			isa = PBXGroup;
			children = (
				CC2C30642B0FE3DE00467D67 /* AuthWorker.swift */,
				CC2C30662B0FE41300467D67 /* AuthNetworking.swift */,
				CC2C30682B0FE64F00467D67 /* UserResponse.swift */,
			);
			path = AuthWorker;
			sourceTree = "<group>";
		};
		CC2C306E2B10215C00467D67 /* UserDefaultManager */ = {
			isa = PBXGroup;
			children = (
				CC2C306F2B10216D00467D67 /* UserDefaultManager.swift */,
				CC2C30712B10250700467D67 /* UserDefaultsKeys.swift */,
			);
			path = UserDefaultManager;
			sourceTree = "<group>";
		};
		CC2C30752B1044EB00467D67 /* UIView */ = {
			isa = PBXGroup;
			children = (
				CC2C30762B1044F000467D67 /* UIView + Shadow.swift */,
			);
			path = UIView;
			sourceTree = "<group>";
		};
		CC2C30782B10450F00467D67 /* UIImage */ = {
			isa = PBXGroup;
			children = (
				CC2C30792B10451D00467D67 /* UIImage + Common.swift */,
			);
			path = UIImage;
			sourceTree = "<group>";
		};
		CC2C307B2B10484000467D67 /* StretchyHeaderView */ = {
			isa = PBXGroup;
			children = (
				CC2C307C2B10484600467D67 /* StretchyHeaderView.swift */,
			);
			path = StretchyHeaderView;
			sourceTree = "<group>";
		};
		CC2C307E2B10BAE100467D67 /* StackedScrollableContainerView */ = {
			isa = PBXGroup;
			children = (
				CC2C307F2B10BAFD00467D67 /* StackedScrollableContainerView.swift */,
			);
			path = StackedScrollableContainerView;
			sourceTree = "<group>";
		};
		CC2C30812B10BB6200467D67 /* Cells */ = {
			isa = PBXGroup;
			children = (
				CC2C30822B10BB6700467D67 /* EposidesCell.swift */,
			);
			path = Cells;
			sourceTree = "<group>";
		};
		CC2C30862B10BDF400467D67 /* MainNavigationController */ = {
			isa = PBXGroup;
			children = (
				CC2C30872B10BE1600467D67 /* MainNavigationController.swift */,
			);
			path = MainNavigationController;
			sourceTree = "<group>";
		};
		CC2C30892B10CD5300467D67 /* PlayListTopActions */ = {
			isa = PBXGroup;
			children = (
				CC2C308A2B10CD6900467D67 /* PlayListTopActions.swift */,
			);
			path = PlayListTopActions;
			sourceTree = "<group>";
		};
		CC2C308C2B10D63100467D67 /* PlayListBottomActions */ = {
			isa = PBXGroup;
			children = (
				CC2C308D2B10D65E00467D67 /* PlayListBottomActions.swift */,
			);
			path = PlayListBottomActions;
			sourceTree = "<group>";
		};
		CC2C30962B10F22000467D67 /* SkeletonUIView */ = {
			isa = PBXGroup;
			children = (
				CC2C30972B10F22700467D67 /* SkeletonUIView.swift */,
				CC2C30992B10F23C00467D67 /* UIView + Skeleton.swift */,
			);
			path = SkeletonUIView;
			sourceTree = "<group>";
		};
		CC58CD312B10FB3F00BE01CF /* PlayListSectionHeader */ = {
			isa = PBXGroup;
			children = (
				CC58CD322B10FB4E00BE01CF /* PlayListSectionHeader.swift */,
			);
			path = PlayListSectionHeader;
			sourceTree = "<group>";
		};
		CC58CD362B110D8D00BE01CF /* PlayList */ = {
			isa = PBXGroup;
			children = (
				CC58CD4B2B110E8B00BE01CF /* Entities */,
				CC58CD4A2B110E8400BE01CF /* View */,
				CC58CD492B110E1A00BE01CF /* Router */,
				CC58CD482B110DCE00BE01CF /* Presenter */,
				CC58CD472B110DB900BE01CF /* Interactor */,
				CC58CD3C2B110DA100BE01CF /* PlayListProtocols.swift */,
			);
			path = PlayList;
			sourceTree = "<group>";
		};
		CC58CD472B110DB900BE01CF /* Interactor */ = {
			isa = PBXGroup;
			children = (
				CC58CD3D2B110DA100BE01CF /* PlayListInteractor.swift */,
			);
			path = Interactor;
			sourceTree = "<group>";
		};
		CC58CD482B110DCE00BE01CF /* Presenter */ = {
			isa = PBXGroup;
			children = (
				CC58CD392B110DA100BE01CF /* PlayListPresenter.swift */,
			);
			path = Presenter;
			sourceTree = "<group>";
		};
		CC58CD492B110E1A00BE01CF /* Router */ = {
			isa = PBXGroup;
			children = (
				CC58CD3A2B110DA100BE01CF /* PlayListRouter.swift */,
			);
			path = Router;
			sourceTree = "<group>";
		};
		CC58CD4A2B110E8400BE01CF /* View */ = {
			isa = PBXGroup;
			children = (
				CC58CD4C2B110E9800BE01CF /* Layout */,
				CC58CD3B2B110DA100BE01CF /* PlayListViewController.swift */,
			);
			path = View;
			sourceTree = "<group>";
		};
		CC58CD4B2B110E8B00BE01CF /* Entities */ = {
			isa = PBXGroup;
			children = (
				CC2C2FFC2B0FC96300467D67 /* PlaylistDataSource.swift */,
				CC58CD342B1104A100BE01CF /* EposideCellDataSource.swift */,
				CC58CD512B1115A300BE01CF /* PlayListSectionHeaderDataSource.swift */,
			);
			path = Entities;
			sourceTree = "<group>";
		};
		CC58CD4C2B110E9800BE01CF /* Layout */ = {
			isa = PBXGroup;
			children = (
				CC58CD312B10FB3F00BE01CF /* PlayListSectionHeader */,
				CC2C30812B10BB6200467D67 /* Cells */,
				CC58CD382B110DA100BE01CF /* PlayListContainerView.swift */,
				CC58CD4D2B11131300BE01CF /* PlayListContainerView + ScrollView.swift */,
				CC58CD4F2B11132600BE01CF /* PlayListContainerView + UITableView.swift */,
			);
			path = Layout;
			sourceTree = "<group>";
		};
		CCBE9ACC2B0FB8350054E11D = {
			isa = PBXGroup;
			children = (
				CCBE9AD72B0FB8350054E11D /* ThmanyahPodcasts */,
				CCBE9AEE2B0FB8380054E11D /* ThmanyahPodcastsTests */,
				CCBE9AF82B0FB8380054E11D /* ThmanyahPodcastsUITests */,
				CCBE9AD62B0FB8350054E11D /* Products */,
				4E9BE749C91135EECCF6BFB1 /* Pods */,
				07E80B045BEBDCCE0B15E6B7 /* Frameworks */,
			);
			sourceTree = "<group>";
		};
		CCBE9AD62B0FB8350054E11D /* Products */ = {
			isa = PBXGroup;
			children = (
				CCBE9AD52B0FB8350054E11D /* ThmanyahPodcasts.app */,
				CCBE9AEB2B0FB8380054E11D /* ThmanyahPodcastsTests.xctest */,
				CCBE9AF52B0FB8380054E11D /* ThmanyahPodcastsUITests.xctest */,
			);
			name = Products;
			sourceTree = "<group>";
		};
		CCBE9AD72B0FB8350054E11D /* ThmanyahPodcasts */ = {
			isa = PBXGroup;
			children = (
				CC2C306E2B10215C00467D67 /* UserDefaultManager */,
				CC2C30512B0FDBE100467D67 /* LocalizationLayer */,
				CC2C301B2B0FCE8700467D67 /* swiftgen.yml */,
				CC2C300F2B0FCB3F00467D67 /* Extensions */,
				CC2C300E2B0FCB3B00467D67 /* Workers */,
				CC2C300C2B0FCA6300467D67 /* Resources */,
				CC2C300B2B0FCA5900467D67 /* Components */,
				CC2C2FF42B0FC95900467D67 /* Scenes */,
				CC2C2FE12B0FC6D300467D67 /* NetworkLayer */,
				CC2C2FDF2B0FC6A900467D67 /* .swiftformat */,
				CC2C2FC52B0FC38300467D67 /* .swiftlint.yml */,
				CCBE9AD82B0FB8350054E11D /* AppDelegate.swift */,
				CCBE9AE12B0FB8380054E11D /* Assets.xcassets */,
				CCBE9AE32B0FB8380054E11D /* LaunchScreen.storyboard */,
				CCBE9AE62B0FB8380054E11D /* Info.plist */,
			);
			path = ThmanyahPodcasts;
			sourceTree = "<group>";
		};
		CCBE9AEE2B0FB8380054E11D /* ThmanyahPodcastsTests */ = {
			isa = PBXGroup;
			children = (
				CCBE9AEF2B0FB8380054E11D /* ThmanyahPodcastsTests.swift */,
			);
			path = ThmanyahPodcastsTests;
			sourceTree = "<group>";
		};
		CCBE9AF82B0FB8380054E11D /* ThmanyahPodcastsUITests */ = {
			isa = PBXGroup;
			children = (
				CCBE9AF92B0FB8380054E11D /* ThmanyahPodcastsUITests.swift */,
				CCBE9AFB2B0FB8380054E11D /* ThmanyahPodcastsUITestsLaunchTests.swift */,
			);
			path = ThmanyahPodcastsUITests;
			sourceTree = "<group>";
		};
/* End PBXGroup section */

/* Begin PBXNativeTarget section */
		CCBE9AD42B0FB8350054E11D /* ThmanyahPodcasts */ = {
			isa = PBXNativeTarget;
			buildConfigurationList = CCBE9AFF2B0FB8380054E11D /* Build configuration list for PBXNativeTarget "ThmanyahPodcasts" */;
			buildPhases = (
				A4CB102790F15271C4D931A2 /* [CP] Check Pods Manifest.lock */,
				CC2C30162B0FCDDD00467D67 /* Swiftgen */,
				CC2C2FC42B0FC33C00467D67 /* Swiftlint */,
				CCBE9AD12B0FB8350054E11D /* Sources */,
				CCBE9AD22B0FB8350054E11D /* Frameworks */,
				CCBE9AD32B0FB8350054E11D /* Resources */,
				CC2C2FC72B0FC3CE00467D67 /* Swiftformat */,
				69998A3788416C26908A88CD /* [CP] Embed Pods Frameworks */,
			);
			buildRules = (
			);
			dependencies = (
			);
			name = ThmanyahPodcasts;
			productName = ThmanyahPodcasts;
			productReference = CCBE9AD52B0FB8350054E11D /* ThmanyahPodcasts.app */;
			productType = "com.apple.product-type.application";
		};
		CCBE9AEA2B0FB8380054E11D /* ThmanyahPodcastsTests */ = {
			isa = PBXNativeTarget;
			buildConfigurationList = CCBE9B022B0FB8380054E11D /* Build configuration list for PBXNativeTarget "ThmanyahPodcastsTests" */;
			buildPhases = (
				BB04213186AF962ADAC29974 /* [CP] Check Pods Manifest.lock */,
				CCBE9AE72B0FB8380054E11D /* Sources */,
				CCBE9AE82B0FB8380054E11D /* Frameworks */,
				CCBE9AE92B0FB8380054E11D /* Resources */,
			);
			buildRules = (
			);
			dependencies = (
				CCBE9AED2B0FB8380054E11D /* PBXTargetDependency */,
			);
			name = ThmanyahPodcastsTests;
			productName = ThmanyahPodcastsTests;
			productReference = CCBE9AEB2B0FB8380054E11D /* ThmanyahPodcastsTests.xctest */;
			productType = "com.apple.product-type.bundle.unit-test";
		};
		CCBE9AF42B0FB8380054E11D /* ThmanyahPodcastsUITests */ = {
			isa = PBXNativeTarget;
			buildConfigurationList = CCBE9B052B0FB8380054E11D /* Build configuration list for PBXNativeTarget "ThmanyahPodcastsUITests" */;
			buildPhases = (
				A67EA11AB55E5E3C8EFD4B0A /* [CP] Check Pods Manifest.lock */,
				CCBE9AF12B0FB8380054E11D /* Sources */,
				CCBE9AF22B0FB8380054E11D /* Frameworks */,
				CCBE9AF32B0FB8380054E11D /* Resources */,
				1967BB57C353FAE32D194324 /* [CP] Embed Pods Frameworks */,
			);
			buildRules = (
			);
			dependencies = (
				CCBE9AF72B0FB8380054E11D /* PBXTargetDependency */,
			);
			name = ThmanyahPodcastsUITests;
			productName = ThmanyahPodcastsUITests;
			productReference = CCBE9AF52B0FB8380054E11D /* ThmanyahPodcastsUITests.xctest */;
			productType = "com.apple.product-type.bundle.ui-testing";
		};
/* End PBXNativeTarget section */

/* Begin PBXProject section */
		CCBE9ACD2B0FB8350054E11D /* Project object */ = {
			isa = PBXProject;
			attributes = {
				BuildIndependentTargetsInParallel = 1;
				LastSwiftUpdateCheck = 1500;
				LastUpgradeCheck = 1500;
				TargetAttributes = {
					CCBE9AD42B0FB8350054E11D = {
						CreatedOnToolsVersion = 15.0.1;
					};
					CCBE9AEA2B0FB8380054E11D = {
						CreatedOnToolsVersion = 15.0.1;
						TestTargetID = CCBE9AD42B0FB8350054E11D;
					};
					CCBE9AF42B0FB8380054E11D = {
						CreatedOnToolsVersion = 15.0.1;
						TestTargetID = CCBE9AD42B0FB8350054E11D;
					};
				};
			};
			buildConfigurationList = CCBE9AD02B0FB8350054E11D /* Build configuration list for PBXProject "ThmanyahPodcasts" */;
			compatibilityVersion = "Xcode 14.0";
			developmentRegion = en;
			hasScannedForEncodings = 0;
			knownRegions = (
				Base,
				ar,
				en,
			);
			mainGroup = CCBE9ACC2B0FB8350054E11D;
			productRefGroup = CCBE9AD62B0FB8350054E11D /* Products */;
			projectDirPath = "";
			projectRoot = "";
			targets = (
				CCBE9AD42B0FB8350054E11D /* ThmanyahPodcasts */,
				CCBE9AEA2B0FB8380054E11D /* ThmanyahPodcastsTests */,
				CCBE9AF42B0FB8380054E11D /* ThmanyahPodcastsUITests */,
			);
		};
/* End PBXProject section */

/* Begin PBXResourcesBuildPhase section */
		CCBE9AD32B0FB8350054E11D /* Resources */ = {
			isa = PBXResourcesBuildPhase;
			buildActionMask = 2147483647;
			files = (
				CC2C2FE02B0FC6A900467D67 /* .swiftformat in Resources */,
				CC2C30452B0FD94100467D67 /* IBMPlexSansArabic-Medium.otf in Resources */,
				CC2C303E2B0FD94100467D67 /* IBMPlexSansArabic-Thin.otf in Resources */,
				CC2C301C2B0FCE8800467D67 /* swiftgen.yml in Resources */,
				CC2C30402B0FD94100467D67 /* IBMPlexSansArabic-Text.otf in Resources */,
				CC2C30232B0FD4CA00467D67 /* Images.xcassets in Resources */,
				CC2C30432B0FD94100467D67 /* IBMPlexSansArabic-Light.otf in Resources */,
				CC2C30422B0FD94100467D67 /* IBMPlexSansArabic-SemiBold.otf in Resources */,
				CC2C2FC62B0FC38300467D67 /* .swiftlint.yml in Resources */,
				CC2C30592B0FDF0900467D67 /* Localizable.strings in Resources */,
				CC2C30442B0FD94100467D67 /* IBMPlexSansArabic-ExtraLight.otf in Resources */,
				CC2C30412B0FD94100467D67 /* IBMPlexSansArabic-Regular.otf in Resources */,
				CC2C301E2B0FCEA100467D67 /* Colors.xcassets in Resources */,
				CC2C303F2B0FD94100467D67 /* IBMPlexSansArabic-Bold.otf in Resources */,
				CCBE9AE52B0FB8380054E11D /* LaunchScreen.storyboard in Resources */,
				CCBE9AE22B0FB8380054E11D /* Assets.xcassets in Resources */,
			);
			runOnlyForDeploymentPostprocessing = 0;
		};
		CCBE9AE92B0FB8380054E11D /* Resources */ = {
			isa = PBXResourcesBuildPhase;
			buildActionMask = 2147483647;
			files = (
			);
			runOnlyForDeploymentPostprocessing = 0;
		};
		CCBE9AF32B0FB8380054E11D /* Resources */ = {
			isa = PBXResourcesBuildPhase;
			buildActionMask = 2147483647;
			files = (
			);
			runOnlyForDeploymentPostprocessing = 0;
		};
/* End PBXResourcesBuildPhase section */

/* Begin PBXShellScriptBuildPhase section */
		1967BB57C353FAE32D194324 /* [CP] Embed Pods Frameworks */ = {
			isa = PBXShellScriptBuildPhase;
			buildActionMask = 2147483647;
			files = (
			);
			inputFileListPaths = (
				"${PODS_ROOT}/Target Support Files/Pods-ThmanyahPodcasts-ThmanyahPodcastsUITests/Pods-ThmanyahPodcasts-ThmanyahPodcastsUITests-frameworks-${CONFIGURATION}-input-files.xcfilelist",
			);
			name = "[CP] Embed Pods Frameworks";
			outputFileListPaths = (
				"${PODS_ROOT}/Target Support Files/Pods-ThmanyahPodcasts-ThmanyahPodcastsUITests/Pods-ThmanyahPodcasts-ThmanyahPodcastsUITests-frameworks-${CONFIGURATION}-output-files.xcfilelist",
			);
			runOnlyForDeploymentPostprocessing = 0;
			shellPath = /bin/sh;
			shellScript = "\"${PODS_ROOT}/Target Support Files/Pods-ThmanyahPodcasts-ThmanyahPodcastsUITests/Pods-ThmanyahPodcasts-ThmanyahPodcastsUITests-frameworks.sh\"\n";
			showEnvVarsInLog = 0;
		};
		69998A3788416C26908A88CD /* [CP] Embed Pods Frameworks */ = {
			isa = PBXShellScriptBuildPhase;
			buildActionMask = 2147483647;
			files = (
			);
			inputFileListPaths = (
				"${PODS_ROOT}/Target Support Files/Pods-ThmanyahPodcasts/Pods-ThmanyahPodcasts-frameworks-${CONFIGURATION}-input-files.xcfilelist",
			);
			name = "[CP] Embed Pods Frameworks";
			outputFileListPaths = (
				"${PODS_ROOT}/Target Support Files/Pods-ThmanyahPodcasts/Pods-ThmanyahPodcasts-frameworks-${CONFIGURATION}-output-files.xcfilelist",
			);
			runOnlyForDeploymentPostprocessing = 0;
			shellPath = /bin/sh;
			shellScript = "\"${PODS_ROOT}/Target Support Files/Pods-ThmanyahPodcasts/Pods-ThmanyahPodcasts-frameworks.sh\"\n";
			showEnvVarsInLog = 0;
		};
		A4CB102790F15271C4D931A2 /* [CP] Check Pods Manifest.lock */ = {
			isa = PBXShellScriptBuildPhase;
			buildActionMask = 2147483647;
			files = (
			);
			inputFileListPaths = (
			);
			inputPaths = (
				"${PODS_PODFILE_DIR_PATH}/Podfile.lock",
				"${PODS_ROOT}/Manifest.lock",
			);
			name = "[CP] Check Pods Manifest.lock";
			outputFileListPaths = (
			);
			outputPaths = (
				"$(DERIVED_FILE_DIR)/Pods-ThmanyahPodcasts-checkManifestLockResult.txt",
			);
			runOnlyForDeploymentPostprocessing = 0;
			shellPath = /bin/sh;
			shellScript = "diff \"${PODS_PODFILE_DIR_PATH}/Podfile.lock\" \"${PODS_ROOT}/Manifest.lock\" > /dev/null\nif [ $? != 0 ] ; then\n    # print error to STDERR\n    echo \"error: The sandbox is not in sync with the Podfile.lock. Run 'pod install' or update your CocoaPods installation.\" >&2\n    exit 1\nfi\n# This output is used by Xcode 'outputs' to avoid re-running this script phase.\necho \"SUCCESS\" > \"${SCRIPT_OUTPUT_FILE_0}\"\n";
			showEnvVarsInLog = 0;
		};
		A67EA11AB55E5E3C8EFD4B0A /* [CP] Check Pods Manifest.lock */ = {
			isa = PBXShellScriptBuildPhase;
			buildActionMask = 2147483647;
			files = (
			);
			inputFileListPaths = (
			);
			inputPaths = (
				"${PODS_PODFILE_DIR_PATH}/Podfile.lock",
				"${PODS_ROOT}/Manifest.lock",
			);
			name = "[CP] Check Pods Manifest.lock";
			outputFileListPaths = (
			);
			outputPaths = (
				"$(DERIVED_FILE_DIR)/Pods-ThmanyahPodcasts-ThmanyahPodcastsUITests-checkManifestLockResult.txt",
			);
			runOnlyForDeploymentPostprocessing = 0;
			shellPath = /bin/sh;
			shellScript = "diff \"${PODS_PODFILE_DIR_PATH}/Podfile.lock\" \"${PODS_ROOT}/Manifest.lock\" > /dev/null\nif [ $? != 0 ] ; then\n    # print error to STDERR\n    echo \"error: The sandbox is not in sync with the Podfile.lock. Run 'pod install' or update your CocoaPods installation.\" >&2\n    exit 1\nfi\n# This output is used by Xcode 'outputs' to avoid re-running this script phase.\necho \"SUCCESS\" > \"${SCRIPT_OUTPUT_FILE_0}\"\n";
			showEnvVarsInLog = 0;
		};
		BB04213186AF962ADAC29974 /* [CP] Check Pods Manifest.lock */ = {
			isa = PBXShellScriptBuildPhase;
			buildActionMask = 2147483647;
			files = (
			);
			inputFileListPaths = (
			);
			inputPaths = (
				"${PODS_PODFILE_DIR_PATH}/Podfile.lock",
				"${PODS_ROOT}/Manifest.lock",
			);
			name = "[CP] Check Pods Manifest.lock";
			outputFileListPaths = (
			);
			outputPaths = (
				"$(DERIVED_FILE_DIR)/Pods-ThmanyahPodcastsTests-checkManifestLockResult.txt",
			);
			runOnlyForDeploymentPostprocessing = 0;
			shellPath = /bin/sh;
			shellScript = "diff \"${PODS_PODFILE_DIR_PATH}/Podfile.lock\" \"${PODS_ROOT}/Manifest.lock\" > /dev/null\nif [ $? != 0 ] ; then\n    # print error to STDERR\n    echo \"error: The sandbox is not in sync with the Podfile.lock. Run 'pod install' or update your CocoaPods installation.\" >&2\n    exit 1\nfi\n# This output is used by Xcode 'outputs' to avoid re-running this script phase.\necho \"SUCCESS\" > \"${SCRIPT_OUTPUT_FILE_0}\"\n";
			showEnvVarsInLog = 0;
		};
		CC2C2FC42B0FC33C00467D67 /* Swiftlint */ = {
			isa = PBXShellScriptBuildPhase;
			alwaysOutOfDate = 1;
			buildActionMask = 2147483647;
			files = (
			);
			inputFileListPaths = (
			);
			inputPaths = (
			);
			name = Swiftlint;
			outputFileListPaths = (
			);
			outputPaths = (
			);
			runOnlyForDeploymentPostprocessing = 0;
			shellPath = /bin/sh;
			shellScript = "${PODS_ROOT}/SwiftLint/swiftlint\n";
		};
		CC2C2FC72B0FC3CE00467D67 /* Swiftformat */ = {
			isa = PBXShellScriptBuildPhase;
			alwaysOutOfDate = 1;
			buildActionMask = 2147483647;
			files = (
			);
			inputFileListPaths = (
			);
			inputPaths = (
			);
			name = Swiftformat;
			outputFileListPaths = (
			);
			outputPaths = (
			);
			runOnlyForDeploymentPostprocessing = 0;
			shellPath = /bin/sh;
			shellScript = "\"${PODS_ROOT}/SwiftFormat/CommandLineTool/swiftformat\" \"$SRCROOT\"\n";
		};
		CC2C30162B0FCDDD00467D67 /* Swiftgen */ = {
			isa = PBXShellScriptBuildPhase;
			alwaysOutOfDate = 1;
			buildActionMask = 12;
			files = (
			);
			inputFileListPaths = (
			);
			inputPaths = (
			);
			name = Swiftgen;
			outputFileListPaths = (
			);
			outputPaths = (
			);
			runOnlyForDeploymentPostprocessing = 0;
			shellPath = /bin/sh;
			shellScript = "  \"${PODS_ROOT}/SwiftGen/bin/swiftgen\"\n";
		};
/* End PBXShellScriptBuildPhase section */

/* Begin PBXSourcesBuildPhase section */
		CCBE9AD12B0FB8350054E11D /* Sources */ = {
			isa = PBXSourcesBuildPhase;
			buildActionMask = 2147483647;
			files = (
				CC58CD422B110DA100BE01CF /* PlayListRouter.swift in Sources */,
				CC2C308B2B10CD6900467D67 /* PlayListTopActions.swift in Sources */,
				CC2C309A2B10F23C00467D67 /* UIView + Skeleton.swift in Sources */,
				CC2C30702B10216D00467D67 /* UserDefaultManager.swift in Sources */,
				CC2C2FED2B0FC6DB00467D67 /* BaseAPIRequestResponseFailureErrorType.swift in Sources */,
				CC2C307D2B10484600467D67 /* StretchyHeaderView.swift in Sources */,
				CC58CD502B11132600BE01CF /* PlayListContainerView + UITableView.swift in Sources */,
				CC2C2FF22B0FC6DB00467D67 /* APIRequestInterceptor.swift in Sources */,
				CC58CD432B110DA100BE01CF /* PlayListViewController.swift in Sources */,
				CC2C30672B0FE41300467D67 /* AuthNetworking.swift in Sources */,
				CC2C306B2B0FEF7300467D67 /* BaseAPIRequestResponseBusinessErrorType.swift in Sources */,
				CC2C308E2B10D65E00467D67 /* PlayListBottomActions.swift in Sources */,
				CC2C30802B10BAFD00467D67 /* StackedScrollableContainerView.swift in Sources */,
				CC2C307A2B10451D00467D67 /* UIImage + Common.swift in Sources */,
				CC58CD332B10FB4E00BE01CF /* PlayListSectionHeader.swift in Sources */,
				CC2C30342B0FD83700467D67 /* Colors.swift in Sources */,
				CC2C2FF02B0FC6DB00467D67 /* APIRequestExecuter.swift in Sources */,
				CC2C30772B1044F000467D67 /* UIView + Shadow.swift in Sources */,
				CC58CD442B110DA100BE01CF /* PlayListProtocols.swift in Sources */,
				CC2C2FF12B0FC6DB00467D67 /* APIRequestResponseLog.swift in Sources */,
				CC2C304B2B0FD9AD00467D67 /* FontWeight.swift in Sources */,
				CC2C30742B10271200467D67 /* PlayListResponse.swift in Sources */,
				CC2C30042B0FC96300467D67 /* PlaylistDataSource.swift in Sources */,
				CC2C2FEB2B0FC6DB00467D67 /* APIRequestBuilder.swift in Sources */,
				CC58CD412B110DA100BE01CF /* PlayListPresenter.swift in Sources */,
				CC2C304D2B0FD9C500467D67 /* FontSize.swift in Sources */,
				CC2C30982B10F22700467D67 /* SkeletonUIView.swift in Sources */,
				CC2C2FEE2B0FC6DB00467D67 /* Int+HTTPStatusCode.swift in Sources */,
				CC2C30652B0FE3DE00467D67 /* AuthWorker.swift in Sources */,
				CCBE9AD92B0FB8350054E11D /* AppDelegate.swift in Sources */,
				CC58CD352B1104A100BE01CF /* EposideCellDataSource.swift in Sources */,
				CC2C30692B0FE64F00467D67 /* UserResponse.swift in Sources */,
				CC2C30532B0FDBE800467D67 /* LocalizationLayer.swift in Sources */,
				CC58CD452B110DA100BE01CF /* PlayListInteractor.swift in Sources */,
				CC2C30722B10250700467D67 /* UserDefaultsKeys.swift in Sources */,
				CC2C30332B0FD83700467D67 /* Images.swift in Sources */,
				CC58CD4E2B11131300BE01CF /* PlayListContainerView + ScrollView.swift in Sources */,
				CC58CD402B110DA100BE01CF /* PlayListContainerView.swift in Sources */,
				CC2C30502B0FDB0200467D67 /* MainTabBarController.swift in Sources */,
				CC2C30832B10BB6700467D67 /* EposidesCell.swift in Sources */,
				CC58CD522B1115A300BE01CF /* PlayListSectionHeaderDataSource.swift in Sources */,
				CC2C30882B10BE1600467D67 /* MainNavigationController.swift in Sources */,
				CC2C306D2B0FF11D00467D67 /* PlayListNetworking.swift in Sources */,
				CC2C30492B0FD99D00467D67 /* Typography.swift in Sources */,
				CC2C30612B0FE3BD00467D67 /* PlayListWorker.swift in Sources */,
			);
			runOnlyForDeploymentPostprocessing = 0;
		};
		CCBE9AE72B0FB8380054E11D /* Sources */ = {
			isa = PBXSourcesBuildPhase;
			buildActionMask = 2147483647;
			files = (
				CCBE9AF02B0FB8380054E11D /* ThmanyahPodcastsTests.swift in Sources */,
			);
			runOnlyForDeploymentPostprocessing = 0;
		};
		CCBE9AF12B0FB8380054E11D /* Sources */ = {
			isa = PBXSourcesBuildPhase;
			buildActionMask = 2147483647;
			files = (
				CCBE9AFA2B0FB8380054E11D /* ThmanyahPodcastsUITests.swift in Sources */,
				CCBE9AFC2B0FB8380054E11D /* ThmanyahPodcastsUITestsLaunchTests.swift in Sources */,
			);
			runOnlyForDeploymentPostprocessing = 0;
		};
/* End PBXSourcesBuildPhase section */

/* Begin PBXTargetDependency section */
		CCBE9AED2B0FB8380054E11D /* PBXTargetDependency */ = {
			isa = PBXTargetDependency;
			target = CCBE9AD42B0FB8350054E11D /* ThmanyahPodcasts */;
			targetProxy = CCBE9AEC2B0FB8380054E11D /* PBXContainerItemProxy */;
		};
		CCBE9AF72B0FB8380054E11D /* PBXTargetDependency */ = {
			isa = PBXTargetDependency;
			target = CCBE9AD42B0FB8350054E11D /* ThmanyahPodcasts */;
			targetProxy = CCBE9AF62B0FB8380054E11D /* PBXContainerItemProxy */;
		};
/* End PBXTargetDependency section */

/* Begin PBXVariantGroup section */
		CC2C305B2B0FDF0900467D67 /* Localizable.strings */ = {
			isa = PBXVariantGroup;
			children = (
				CC2C305A2B0FDF0900467D67 /* en */,
				CC2C305C2B0FDF0D00467D67 /* ar */,
			);
			name = Localizable.strings;
			sourceTree = "<group>";
		};
		CCBE9AE32B0FB8380054E11D /* LaunchScreen.storyboard */ = {
			isa = PBXVariantGroup;
			children = (
				CCBE9AE42B0FB8380054E11D /* Base */,
				CC2C30542B0FDD1600467D67 /* ar */,
				CC2C30562B0FDE8500467D67 /* en */,
			);
			name = LaunchScreen.storyboard;
			sourceTree = "<group>";
		};
/* End PBXVariantGroup section */

/* Begin XCBuildConfiguration section */
		CCBE9AFD2B0FB8380054E11D /* Debug */ = {
			isa = XCBuildConfiguration;
			buildSettings = {
				ALWAYS_SEARCH_USER_PATHS = NO;
				ASSETCATALOG_COMPILER_GENERATE_SWIFT_ASSET_SYMBOL_EXTENSIONS = YES;
				CLANG_ANALYZER_LOCALIZABILITY_NONLOCALIZED = YES;
				CLANG_ANALYZER_NONNULL = YES;
				CLANG_ANALYZER_NUMBER_OBJECT_CONVERSION = YES_AGGRESSIVE;
				CLANG_CXX_LANGUAGE_STANDARD = "gnu++20";
				CLANG_ENABLE_MODULES = YES;
				CLANG_ENABLE_OBJC_ARC = YES;
				CLANG_ENABLE_OBJC_WEAK = YES;
				CLANG_WARN_BLOCK_CAPTURE_AUTORELEASING = YES;
				CLANG_WARN_BOOL_CONVERSION = YES;
				CLANG_WARN_COMMA = YES;
				CLANG_WARN_CONSTANT_CONVERSION = YES;
				CLANG_WARN_DEPRECATED_OBJC_IMPLEMENTATIONS = YES;
				CLANG_WARN_DIRECT_OBJC_ISA_USAGE = YES_ERROR;
				CLANG_WARN_DOCUMENTATION_COMMENTS = YES;
				CLANG_WARN_EMPTY_BODY = YES;
				CLANG_WARN_ENUM_CONVERSION = YES;
				CLANG_WARN_INFINITE_RECURSION = YES;
				CLANG_WARN_INT_CONVERSION = YES;
				CLANG_WARN_NON_LITERAL_NULL_CONVERSION = YES;
				CLANG_WARN_OBJC_IMPLICIT_RETAIN_SELF = YES;
				CLANG_WARN_OBJC_LITERAL_CONVERSION = YES;
				CLANG_WARN_OBJC_ROOT_CLASS = YES_ERROR;
				CLANG_WARN_QUOTED_INCLUDE_IN_FRAMEWORK_HEADER = YES;
				CLANG_WARN_RANGE_LOOP_ANALYSIS = YES;
				CLANG_WARN_STRICT_PROTOTYPES = YES;
				CLANG_WARN_SUSPICIOUS_MOVE = YES;
				CLANG_WARN_UNGUARDED_AVAILABILITY = YES_AGGRESSIVE;
				CLANG_WARN_UNREACHABLE_CODE = YES;
				CLANG_WARN__DUPLICATE_METHOD_MATCH = YES;
				COPY_PHASE_STRIP = NO;
				DEBUG_INFORMATION_FORMAT = dwarf;
				ENABLE_STRICT_OBJC_MSGSEND = YES;
				ENABLE_TESTABILITY = YES;
				ENABLE_USER_SCRIPT_SANDBOXING = YES;
				GCC_C_LANGUAGE_STANDARD = gnu17;
				GCC_DYNAMIC_NO_PIC = NO;
				GCC_NO_COMMON_BLOCKS = YES;
				GCC_OPTIMIZATION_LEVEL = 0;
				GCC_PREPROCESSOR_DEFINITIONS = (
					"DEBUG=1",
					"$(inherited)",
				);
				GCC_WARN_64_TO_32_BIT_CONVERSION = YES;
				GCC_WARN_ABOUT_RETURN_TYPE = YES_ERROR;
				GCC_WARN_UNDECLARED_SELECTOR = YES;
				GCC_WARN_UNINITIALIZED_AUTOS = YES_AGGRESSIVE;
				GCC_WARN_UNUSED_FUNCTION = YES;
				GCC_WARN_UNUSED_VARIABLE = YES;
				IPHONEOS_DEPLOYMENT_TARGET = 17.0;
				LOCALIZATION_PREFERS_STRING_CATALOGS = YES;
				MTL_ENABLE_DEBUG_INFO = INCLUDE_SOURCE;
				MTL_FAST_MATH = YES;
				ONLY_ACTIVE_ARCH = YES;
				SDKROOT = iphoneos;
				SWIFT_ACTIVE_COMPILATION_CONDITIONS = "DEBUG $(inherited)";
				SWIFT_OPTIMIZATION_LEVEL = "-Onone";
			};
			name = Debug;
		};
		CCBE9AFE2B0FB8380054E11D /* Release */ = {
			isa = XCBuildConfiguration;
			buildSettings = {
				ALWAYS_SEARCH_USER_PATHS = NO;
				ASSETCATALOG_COMPILER_GENERATE_SWIFT_ASSET_SYMBOL_EXTENSIONS = YES;
				CLANG_ANALYZER_LOCALIZABILITY_NONLOCALIZED = YES;
				CLANG_ANALYZER_NONNULL = YES;
				CLANG_ANALYZER_NUMBER_OBJECT_CONVERSION = YES_AGGRESSIVE;
				CLANG_CXX_LANGUAGE_STANDARD = "gnu++20";
				CLANG_ENABLE_MODULES = YES;
				CLANG_ENABLE_OBJC_ARC = YES;
				CLANG_ENABLE_OBJC_WEAK = YES;
				CLANG_WARN_BLOCK_CAPTURE_AUTORELEASING = YES;
				CLANG_WARN_BOOL_CONVERSION = YES;
				CLANG_WARN_COMMA = YES;
				CLANG_WARN_CONSTANT_CONVERSION = YES;
				CLANG_WARN_DEPRECATED_OBJC_IMPLEMENTATIONS = YES;
				CLANG_WARN_DIRECT_OBJC_ISA_USAGE = YES_ERROR;
				CLANG_WARN_DOCUMENTATION_COMMENTS = YES;
				CLANG_WARN_EMPTY_BODY = YES;
				CLANG_WARN_ENUM_CONVERSION = YES;
				CLANG_WARN_INFINITE_RECURSION = YES;
				CLANG_WARN_INT_CONVERSION = YES;
				CLANG_WARN_NON_LITERAL_NULL_CONVERSION = YES;
				CLANG_WARN_OBJC_IMPLICIT_RETAIN_SELF = YES;
				CLANG_WARN_OBJC_LITERAL_CONVERSION = YES;
				CLANG_WARN_OBJC_ROOT_CLASS = YES_ERROR;
				CLANG_WARN_QUOTED_INCLUDE_IN_FRAMEWORK_HEADER = YES;
				CLANG_WARN_RANGE_LOOP_ANALYSIS = YES;
				CLANG_WARN_STRICT_PROTOTYPES = YES;
				CLANG_WARN_SUSPICIOUS_MOVE = YES;
				CLANG_WARN_UNGUARDED_AVAILABILITY = YES_AGGRESSIVE;
				CLANG_WARN_UNREACHABLE_CODE = YES;
				CLANG_WARN__DUPLICATE_METHOD_MATCH = YES;
				COPY_PHASE_STRIP = NO;
				DEBUG_INFORMATION_FORMAT = "dwarf-with-dsym";
				ENABLE_NS_ASSERTIONS = NO;
				ENABLE_STRICT_OBJC_MSGSEND = YES;
				ENABLE_USER_SCRIPT_SANDBOXING = YES;
				GCC_C_LANGUAGE_STANDARD = gnu17;
				GCC_NO_COMMON_BLOCKS = YES;
				GCC_WARN_64_TO_32_BIT_CONVERSION = YES;
				GCC_WARN_ABOUT_RETURN_TYPE = YES_ERROR;
				GCC_WARN_UNDECLARED_SELECTOR = YES;
				GCC_WARN_UNINITIALIZED_AUTOS = YES_AGGRESSIVE;
				GCC_WARN_UNUSED_FUNCTION = YES;
				GCC_WARN_UNUSED_VARIABLE = YES;
				IPHONEOS_DEPLOYMENT_TARGET = 17.0;
				LOCALIZATION_PREFERS_STRING_CATALOGS = YES;
				MTL_ENABLE_DEBUG_INFO = NO;
				MTL_FAST_MATH = YES;
				SDKROOT = iphoneos;
				SWIFT_COMPILATION_MODE = wholemodule;
				VALIDATE_PRODUCT = YES;
			};
			name = Release;
		};
		CCBE9B002B0FB8380054E11D /* Debug */ = {
			isa = XCBuildConfiguration;
			baseConfigurationReference = 6B65935EF87D956D2A1D9930 /* Pods-ThmanyahPodcasts.debug.xcconfig */;
			buildSettings = {
				ASSETCATALOG_COMPILER_APPICON_NAME = AppIcon;
				ASSETCATALOG_COMPILER_GLOBAL_ACCENT_COLOR_NAME = AccentColor;
				CODE_SIGN_STYLE = Automatic;
				CURRENT_PROJECT_VERSION = 1;
				DEVELOPMENT_TEAM = X43742Y6HU;
				ENABLE_USER_SCRIPT_SANDBOXING = NO;
				GENERATE_INFOPLIST_FILE = YES;
				INFOPLIST_FILE = ThmanyahPodcasts/Info.plist;
				INFOPLIST_KEY_UIApplicationSupportsIndirectInputEvents = YES;
				INFOPLIST_KEY_UILaunchStoryboardName = LaunchScreen;
				INFOPLIST_KEY_UISupportedInterfaceOrientations = UIInterfaceOrientationPortrait;
				IPHONEOS_DEPLOYMENT_TARGET = 13.0;
				LD_RUNPATH_SEARCH_PATHS = (
					"$(inherited)",
					"@executable_path/Frameworks",
				);
				MARKETING_VERSION = 1.0;
				PRODUCT_BUNDLE_IDENTIFIER = com.allam.ThmanyahPodcasts;
				PRODUCT_NAME = "$(TARGET_NAME)";
				SUPPORTED_PLATFORMS = "iphoneos iphonesimulator";
				SUPPORTS_MACCATALYST = NO;
				SUPPORTS_MAC_DESIGNED_FOR_IPHONE_IPAD = NO;
				SWIFT_EMIT_LOC_STRINGS = YES;
				SWIFT_VERSION = 5.0;
				TARGETED_DEVICE_FAMILY = "1,2";
			};
			name = Debug;
		};
		CCBE9B012B0FB8380054E11D /* Release */ = {
			isa = XCBuildConfiguration;
			baseConfigurationReference = 945ED3098A8241C06B309747 /* Pods-ThmanyahPodcasts.release.xcconfig */;
			buildSettings = {
				ASSETCATALOG_COMPILER_APPICON_NAME = AppIcon;
				ASSETCATALOG_COMPILER_GLOBAL_ACCENT_COLOR_NAME = AccentColor;
				CODE_SIGN_STYLE = Automatic;
				CURRENT_PROJECT_VERSION = 1;
				DEVELOPMENT_TEAM = X43742Y6HU;
				ENABLE_USER_SCRIPT_SANDBOXING = NO;
				GENERATE_INFOPLIST_FILE = YES;
				INFOPLIST_FILE = ThmanyahPodcasts/Info.plist;
				INFOPLIST_KEY_UIApplicationSupportsIndirectInputEvents = YES;
				INFOPLIST_KEY_UILaunchStoryboardName = LaunchScreen;
				INFOPLIST_KEY_UISupportedInterfaceOrientations = UIInterfaceOrientationPortrait;
				IPHONEOS_DEPLOYMENT_TARGET = 13.0;
				LD_RUNPATH_SEARCH_PATHS = (
					"$(inherited)",
					"@executable_path/Frameworks",
				);
				MARKETING_VERSION = 1.0;
				PRODUCT_BUNDLE_IDENTIFIER = com.allam.ThmanyahPodcasts;
				PRODUCT_NAME = "$(TARGET_NAME)";
				SUPPORTED_PLATFORMS = "iphoneos iphonesimulator";
				SUPPORTS_MACCATALYST = NO;
				SUPPORTS_MAC_DESIGNED_FOR_IPHONE_IPAD = NO;
				SWIFT_EMIT_LOC_STRINGS = YES;
				SWIFT_VERSION = 5.0;
				TARGETED_DEVICE_FAMILY = "1,2";
			};
			name = Release;
		};
		CCBE9B032B0FB8380054E11D /* Debug */ = {
			isa = XCBuildConfiguration;
			baseConfigurationReference = D45159190F042123ACC10363 /* Pods-ThmanyahPodcastsTests.debug.xcconfig */;
			buildSettings = {
				ALWAYS_EMBED_SWIFT_STANDARD_LIBRARIES = YES;
				BUNDLE_LOADER = "$(TEST_HOST)";
				CODE_SIGN_STYLE = Automatic;
				CURRENT_PROJECT_VERSION = 1;
				DEVELOPMENT_TEAM = X43742Y6HU;
				GENERATE_INFOPLIST_FILE = YES;
				IPHONEOS_DEPLOYMENT_TARGET = 17.0;
				MARKETING_VERSION = 1.0;
				PRODUCT_BUNDLE_IDENTIFIER = com.allam.ThmanyahPodcastsTests;
				PRODUCT_NAME = "$(TARGET_NAME)";
				SWIFT_EMIT_LOC_STRINGS = NO;
				SWIFT_VERSION = 5.0;
				TARGETED_DEVICE_FAMILY = "1,2";
				TEST_HOST = "$(BUILT_PRODUCTS_DIR)/ThmanyahPodcasts.app/$(BUNDLE_EXECUTABLE_FOLDER_PATH)/ThmanyahPodcasts";
			};
			name = Debug;
		};
		CCBE9B042B0FB8380054E11D /* Release */ = {
			isa = XCBuildConfiguration;
			baseConfigurationReference = 914AEE71F7EF8B3670BF1C49 /* Pods-ThmanyahPodcastsTests.release.xcconfig */;
			buildSettings = {
				ALWAYS_EMBED_SWIFT_STANDARD_LIBRARIES = YES;
				BUNDLE_LOADER = "$(TEST_HOST)";
				CODE_SIGN_STYLE = Automatic;
				CURRENT_PROJECT_VERSION = 1;
				DEVELOPMENT_TEAM = X43742Y6HU;
				GENERATE_INFOPLIST_FILE = YES;
				IPHONEOS_DEPLOYMENT_TARGET = 17.0;
				MARKETING_VERSION = 1.0;
				PRODUCT_BUNDLE_IDENTIFIER = com.allam.ThmanyahPodcastsTests;
				PRODUCT_NAME = "$(TARGET_NAME)";
				SWIFT_EMIT_LOC_STRINGS = NO;
				SWIFT_VERSION = 5.0;
				TARGETED_DEVICE_FAMILY = "1,2";
				TEST_HOST = "$(BUILT_PRODUCTS_DIR)/ThmanyahPodcasts.app/$(BUNDLE_EXECUTABLE_FOLDER_PATH)/ThmanyahPodcasts";
			};
			name = Release;
		};
		CCBE9B062B0FB8380054E11D /* Debug */ = {
			isa = XCBuildConfiguration;
			baseConfigurationReference = 20DB609134050CF83442D5EA /* Pods-ThmanyahPodcasts-ThmanyahPodcastsUITests.debug.xcconfig */;
			buildSettings = {
				ALWAYS_EMBED_SWIFT_STANDARD_LIBRARIES = YES;
				CODE_SIGN_STYLE = Automatic;
				CURRENT_PROJECT_VERSION = 1;
				DEVELOPMENT_TEAM = X43742Y6HU;
				GENERATE_INFOPLIST_FILE = YES;
				MARKETING_VERSION = 1.0;
				PRODUCT_BUNDLE_IDENTIFIER = com.allam.ThmanyahPodcastsUITests;
				PRODUCT_NAME = "$(TARGET_NAME)";
				SWIFT_EMIT_LOC_STRINGS = NO;
				SWIFT_VERSION = 5.0;
				TARGETED_DEVICE_FAMILY = "1,2";
				TEST_TARGET_NAME = ThmanyahPodcasts;
			};
			name = Debug;
		};
		CCBE9B072B0FB8380054E11D /* Release */ = {
			isa = XCBuildConfiguration;
			baseConfigurationReference = 60727E183BAD41AA9CD3D3AB /* Pods-ThmanyahPodcasts-ThmanyahPodcastsUITests.release.xcconfig */;
			buildSettings = {
				ALWAYS_EMBED_SWIFT_STANDARD_LIBRARIES = YES;
				CODE_SIGN_STYLE = Automatic;
				CURRENT_PROJECT_VERSION = 1;
				DEVELOPMENT_TEAM = X43742Y6HU;
				GENERATE_INFOPLIST_FILE = YES;
				MARKETING_VERSION = 1.0;
				PRODUCT_BUNDLE_IDENTIFIER = com.allam.ThmanyahPodcastsUITests;
				PRODUCT_NAME = "$(TARGET_NAME)";
				SWIFT_EMIT_LOC_STRINGS = NO;
				SWIFT_VERSION = 5.0;
				TARGETED_DEVICE_FAMILY = "1,2";
				TEST_TARGET_NAME = ThmanyahPodcasts;
			};
			name = Release;
		};
/* End XCBuildConfiguration section */

/* Begin XCConfigurationList section */
		CCBE9AD02B0FB8350054E11D /* Build configuration list for PBXProject "ThmanyahPodcasts" */ = {
			isa = XCConfigurationList;
			buildConfigurations = (
				CCBE9AFD2B0FB8380054E11D /* Debug */,
				CCBE9AFE2B0FB8380054E11D /* Release */,
			);
			defaultConfigurationIsVisible = 0;
			defaultConfigurationName = Release;
		};
		CCBE9AFF2B0FB8380054E11D /* Build configuration list for PBXNativeTarget "ThmanyahPodcasts" */ = {
			isa = XCConfigurationList;
			buildConfigurations = (
				CCBE9B002B0FB8380054E11D /* Debug */,
				CCBE9B012B0FB8380054E11D /* Release */,
			);
			defaultConfigurationIsVisible = 0;
			defaultConfigurationName = Release;
		};
		CCBE9B022B0FB8380054E11D /* Build configuration list for PBXNativeTarget "ThmanyahPodcastsTests" */ = {
			isa = XCConfigurationList;
			buildConfigurations = (
				CCBE9B032B0FB8380054E11D /* Debug */,
				CCBE9B042B0FB8380054E11D /* Release */,
			);
			defaultConfigurationIsVisible = 0;
			defaultConfigurationName = Release;
		};
		CCBE9B052B0FB8380054E11D /* Build configuration list for PBXNativeTarget "ThmanyahPodcastsUITests" */ = {
			isa = XCConfigurationList;
			buildConfigurations = (
				CCBE9B062B0FB8380054E11D /* Debug */,
				CCBE9B072B0FB8380054E11D /* Release */,
			);
			defaultConfigurationIsVisible = 0;
			defaultConfigurationName = Release;
		};
/* End XCConfigurationList section */
	};
	rootObject = CCBE9ACD2B0FB8350054E11D /* Project object */;
}
